
Microsoft Visual Studio Solution File, Format Version 12.00
# Visual Studio Version 17
VisualStudioVersion = 17.7.34221.43
MinimumVisualStudioVersion = 10.0.40219.1
Project("{FAE04EC0-301F-11D3-BF4B-00C04F79EFBC}") = "Library_db", "Library_db\Library_db.csproj", "{A12CDAFA-17BE-4E9D-89B0-BC6DE2919611}"
EndProject
Global
	GlobalSection(SolutionConfigurationPlatforms) = preSolution
		Debug|Any CPU = Debug|Any CPU
		Release|Any CPU = Release|Any CPU
	EndGlobalSection
	GlobalSection(ProjectConfigurationPlatforms) = postSolution
		{A12CDAFA-17BE-4E9D-89B0-BC6DE2919611}.Debug|Any CPU.ActiveCfg = Debug|Any CPU
		{A12CDAFA-17BE-4E9D-89B0-BC6DE2919611}.Debug|Any CPU.Build.0 = Debug|Any CPU
		{A12CDAFA-17BE-4E9D-89B0-BC6DE2919611}.Release|Any CPU.ActiveCfg = Release|Any CPU
		{A12CDAFA-17BE-4E9D-89B0-BC6DE2919611}.Release|Any CPU.Build.0 = Release|Any CPU
	EndGlobalSection
	GlobalSection(SolutionProperties) = preSolution
		HideSolutionNode = FALSE
	EndGlobalSection
	GlobalSection(ExtensibilityGlobals) = postSolution
		SolutionGuid = {E82D47C1-E337-4DFB-81F9-AA6AD23EA56F}
	EndGlobalSection
EndGlobal
